
Microsoft Visual Studio Solution File, Format Version 12.00
# Visual Studio Version 16
VisualStudioVersion = 16.0.29509.3
MinimumVisualStudioVersion = 10.0.40219.1
Project("{2150E333-8FDC-42A3-9474-1A3956D46DE8}") = "1 - Web", "1 - Web", "{A8AF6916-304C-4F51-A445-8E2E58FF1624}"
EndProject
Project("{FAE04EC0-301F-11D3-BF4B-00C04F79EFBC}") = "Prit.Portal", "src\Prit.Portal\Prit.Portal.csproj", "{8AE690DF-B1DC-40F9-9344-78D40A263712}"
EndProject
Project("{2150E333-8FDC-42A3-9474-1A3956D46DE8}") = "2 - Application", "2 - Application", "{0B8F9FA1-9C00-4540-8001-63B3E929C7BD}"
EndProject
Project("{2150E333-8FDC-42A3-9474-1A3956D46DE8}") = "3 - Domain", "3 - Domain", "{32134AD6-EC72-4597-816C-009ECEAA83FE}"
EndProject
Project("{FAE04EC0-301F-11D3-BF4B-00C04F79EFBC}") = "Prit.Domain", "src\Prit.Domain\Prit.Domain.csproj", "{7B037C9E-8A42-4E37-8DDF-6AEBCD1E16D0}"
EndProject
Project("{FAE04EC0-301F-11D3-BF4B-00C04F79EFBC}") = "Prit.Application", "src\Prit.Application\Prit.Application.csproj", "{4977E874-106C-49E2-AF7E-1271FA8300B4}"
EndProject
Project("{2150E333-8FDC-42A3-9474-1A3956D46DE8}") = "4 - Infrastructure", "4 - Infrastructure", "{BDE32F86-1411-4437-AB67-21418D6E201B}"
EndProject
Project("{FAE04EC0-301F-11D3-BF4B-00C04F79EFBC}") = "Prit.Infra.Data", "src\Prit.Infra.Data\Prit.Infra.Data.csproj", "{ABE2CEE5-2EB1-4214-8A6D-96F1AC3E28A1}"
EndProject
Global
	GlobalSection(SolutionConfigurationPlatforms) = preSolution
		Debug|Any CPU = Debug|Any CPU
		Release|Any CPU = Release|Any CPU
	EndGlobalSection
	GlobalSection(ProjectConfigurationPlatforms) = postSolution
		{8AE690DF-B1DC-40F9-9344-78D40A263712}.Debug|Any CPU.ActiveCfg = Debug|Any CPU
		{8AE690DF-B1DC-40F9-9344-78D40A263712}.Debug|Any CPU.Build.0 = Debug|Any CPU
		{8AE690DF-B1DC-40F9-9344-78D40A263712}.Release|Any CPU.ActiveCfg = Release|Any CPU
		{8AE690DF-B1DC-40F9-9344-78D40A263712}.Release|Any CPU.Build.0 = Release|Any CPU
		{7B037C9E-8A42-4E37-8DDF-6AEBCD1E16D0}.Debug|Any CPU.ActiveCfg = Debug|Any CPU
		{7B037C9E-8A42-4E37-8DDF-6AEBCD1E16D0}.Debug|Any CPU.Build.0 = Debug|Any CPU
		{7B037C9E-8A42-4E37-8DDF-6AEBCD1E16D0}.Release|Any CPU.ActiveCfg = Release|Any CPU
		{7B037C9E-8A42-4E37-8DDF-6AEBCD1E16D0}.Release|Any CPU.Build.0 = Release|Any CPU
		{4977E874-106C-49E2-AF7E-1271FA8300B4}.Debug|Any CPU.ActiveCfg = Debug|Any CPU
		{4977E874-106C-49E2-AF7E-1271FA8300B4}.Debug|Any CPU.Build.0 = Debug|Any CPU
		{4977E874-106C-49E2-AF7E-1271FA8300B4}.Release|Any CPU.ActiveCfg = Release|Any CPU
		{4977E874-106C-49E2-AF7E-1271FA8300B4}.Release|Any CPU.Build.0 = Release|Any CPU
		{ABE2CEE5-2EB1-4214-8A6D-96F1AC3E28A1}.Debug|Any CPU.ActiveCfg = Debug|Any CPU
		{ABE2CEE5-2EB1-4214-8A6D-96F1AC3E28A1}.Debug|Any CPU.Build.0 = Debug|Any CPU
		{ABE2CEE5-2EB1-4214-8A6D-96F1AC3E28A1}.Release|Any CPU.ActiveCfg = Release|Any CPU
		{ABE2CEE5-2EB1-4214-8A6D-96F1AC3E28A1}.Release|Any CPU.Build.0 = Release|Any CPU
	EndGlobalSection
	GlobalSection(SolutionProperties) = preSolution
		HideSolutionNode = FALSE
	EndGlobalSection
	GlobalSection(NestedProjects) = preSolution
		{8AE690DF-B1DC-40F9-9344-78D40A263712} = {A8AF6916-304C-4F51-A445-8E2E58FF1624}
		{7B037C9E-8A42-4E37-8DDF-6AEBCD1E16D0} = {32134AD6-EC72-4597-816C-009ECEAA83FE}
		{4977E874-106C-49E2-AF7E-1271FA8300B4} = {0B8F9FA1-9C00-4540-8001-63B3E929C7BD}
		{ABE2CEE5-2EB1-4214-8A6D-96F1AC3E28A1} = {BDE32F86-1411-4437-AB67-21418D6E201B}
	EndGlobalSection
	GlobalSection(ExtensibilityGlobals) = postSolution
		SolutionGuid = {018EFBE4-3F3E-4488-A9AF-C49CC7A2B9C1}
	EndGlobalSection
EndGlobal
